
Microsoft Visual Studio Solution File, Format Version 12.00
# Visual Studio 2013
VisualStudioVersion = 12.0.21005.1
MinimumVisualStudioVersion = 10.0.40219.1
Project("{FAE04EC0-301F-11D3-BF4B-00C04F79EFBC}") = "PhotoLogger", "PhotoLogger\PhotoLogger.csproj", "{824FB913-0D46-44D0-8272-5EDFBC649CEA}"
EndProject
Project("{6141683F-8A12-4E36-9623-2EB02B2C2303}") = "PhotoLoggerInstall", "PhotoLoggerInstall\PhotoLoggerInstall.isproj", "{AA5AC054-A6CC-4B19-8638-17B6342254C5}"
EndProject
Global
	GlobalSection(SolutionConfigurationPlatforms) = preSolution
		CD_ROM|Any CPU = CD_ROM|Any CPU
		Debug|Any CPU = Debug|Any CPU
		DVD-5|Any CPU = DVD-5|Any CPU
		NoEN|Any CPU = NoEN|Any CPU
		Release|Any CPU = Release|Any CPU
		SingleImage|Any CPU = SingleImage|Any CPU
	EndGlobalSection
	GlobalSection(ProjectConfigurationPlatforms) = postSolution
		{824FB913-0D46-44D0-8272-5EDFBC649CEA}.CD_ROM|Any CPU.ActiveCfg = Release|Any CPU
		{824FB913-0D46-44D0-8272-5EDFBC649CEA}.CD_ROM|Any CPU.Build.0 = Release|Any CPU
		{824FB913-0D46-44D0-8272-5EDFBC649CEA}.Debug|Any CPU.ActiveCfg = Debug|Any CPU
		{824FB913-0D46-44D0-8272-5EDFBC649CEA}.Debug|Any CPU.Build.0 = Debug|Any CPU
		{824FB913-0D46-44D0-8272-5EDFBC649CEA}.DVD-5|Any CPU.ActiveCfg = Debug|Any CPU
		{824FB913-0D46-44D0-8272-5EDFBC649CEA}.DVD-5|Any CPU.Build.0 = Debug|Any CPU
		{824FB913-0D46-44D0-8272-5EDFBC649CEA}.NoEN|Any CPU.ActiveCfg = NoEN|Any CPU
		{824FB913-0D46-44D0-8272-5EDFBC649CEA}.NoEN|Any CPU.Build.0 = NoEN|Any CPU
		{824FB913-0D46-44D0-8272-5EDFBC649CEA}.Release|Any CPU.ActiveCfg = Release|Any CPU
		{824FB913-0D46-44D0-8272-5EDFBC649CEA}.Release|Any CPU.Build.0 = Release|Any CPU
		{824FB913-0D46-44D0-8272-5EDFBC649CEA}.SingleImage|Any CPU.ActiveCfg = Release|Any CPU
		{824FB913-0D46-44D0-8272-5EDFBC649CEA}.SingleImage|Any CPU.Build.0 = Release|Any CPU
		{AA5AC054-A6CC-4B19-8638-17B6342254C5}.CD_ROM|Any CPU.ActiveCfg = CD_ROM
		{AA5AC054-A6CC-4B19-8638-17B6342254C5}.CD_ROM|Any CPU.Build.0 = CD_ROM
		{AA5AC054-A6CC-4B19-8638-17B6342254C5}.Debug|Any CPU.ActiveCfg = DVD-5
		{AA5AC054-A6CC-4B19-8638-17B6342254C5}.DVD-5|Any CPU.ActiveCfg = DVD-5
		{AA5AC054-A6CC-4B19-8638-17B6342254C5}.DVD-5|Any CPU.Build.0 = DVD-5
		{AA5AC054-A6CC-4B19-8638-17B6342254C5}.NoEN|Any CPU.ActiveCfg = SingleImage
		{AA5AC054-A6CC-4B19-8638-17B6342254C5}.NoEN|Any CPU.Build.0 = SingleImage
		{AA5AC054-A6CC-4B19-8638-17B6342254C5}.Release|Any CPU.ActiveCfg = SingleImage
		{AA5AC054-A6CC-4B19-8638-17B6342254C5}.Release|Any CPU.Build.0 = SingleImage
		{AA5AC054-A6CC-4B19-8638-17B6342254C5}.SingleImage|Any CPU.ActiveCfg = SingleImage
		{AA5AC054-A6CC-4B19-8638-17B6342254C5}.SingleImage|Any CPU.Build.0 = SingleImage
	EndGlobalSection
	GlobalSection(SolutionProperties) = preSolution
		HideSolutionNode = FALSE
	EndGlobalSection
EndGlobal
